
Microsoft Visual Studio Solution File, Format Version 12.00
# Visual Studio Version 17
VisualStudioVersion = 17.2.32616.157
MinimumVisualStudioVersion = 10.0.40219.1
Project("{FAE04EC0-301F-11D3-BF4B-00C04F79EFBC}") = "Student2", "Student2\Student2.csproj", "{D8B57567-CB81-46BA-BCAF-31B9F7BEBCD8}"
EndProject
Global
	GlobalSection(SolutionConfigurationPlatforms) = preSolution
		Debug|Any CPU = Debug|Any CPU
		Release|Any CPU = Release|Any CPU
	EndGlobalSection
	GlobalSection(ProjectConfigurationPlatforms) = postSolution
		{D8B57567-CB81-46BA-BCAF-31B9F7BEBCD8}.Debug|Any CPU.ActiveCfg = Debug|Any CPU
		{D8B57567-CB81-46BA-BCAF-31B9F7BEBCD8}.Debug|Any CPU.Build.0 = Debug|Any CPU
		{D8B57567-CB81-46BA-BCAF-31B9F7BEBCD8}.Release|Any CPU.ActiveCfg = Release|Any CPU
		{D8B57567-CB81-46BA-BCAF-31B9F7BEBCD8}.Release|Any CPU.Build.0 = Release|Any CPU
	EndGlobalSection
	GlobalSection(SolutionProperties) = preSolution
		HideSolutionNode = FALSE
	EndGlobalSection
	GlobalSection(ExtensibilityGlobals) = postSolution
		SolutionGuid = {032C7BB4-2AB3-41FF-A788-D6869BAA26F8}
	EndGlobalSection
EndGlobal
